// !$*UTF8*$!
{
	archiveVersion = 1;
	classes = {
	};
	objectVersion = 77;
	objects = {

/* Begin PBXContainerItemProxy section */
		6162DB5B2EEFE7570006CBF8 /* PBXContainerItemProxy */ = {
			isa = PBXContainerItemProxy;
			containerPortal = 6162DB372EEFE7550006CBF8 /* Project object */;
			proxyType = 1;
			remoteGlobalIDString = 6162DB3E2EEFE7550006CBF8;
			remoteInfo = "Cleaner8-Xu2";
		};
		6162DB652EEFE7570006CBF8 /* PBXContainerItemProxy */ = {
			isa = PBXContainerItemProxy;
			containerPortal = 6162DB372EEFE7550006CBF8 /* Project object */;
			proxyType = 1;
			remoteGlobalIDString = 6162DB3E2EEFE7550006CBF8;
			remoteInfo = "Cleaner8-Xu2";
		};
/* End PBXContainerItemProxy section */

/* Begin PBXFileReference section */
		614C3FDB2EFB9617001CF346 /* Accelerate.framework */ = {isa = PBXFileReference; lastKnownFileType = wrapper.framework; name = Accelerate.framework; path = System/Library/Frameworks/Accelerate.framework; sourceTree = SDKROOT; };
		614C3FE02EFB98A8001CF346 /* Accessibility.framework */ = {isa = PBXFileReference; lastKnownFileType = wrapper.framework; name = Accessibility.framework; path = System/Library/Frameworks/Accessibility.framework; sourceTree = SDKROOT; };
		6162DB3F2EEFE7550006CBF8 /* Cleaner8-Xu2.app */ = {isa = PBXFileReference; explicitFileType = wrapper.application; includeInIndex = 0; path = "Cleaner8-Xu2.app"; sourceTree = BUILT_PRODUCTS_DIR; };
		6162DB5A2EEFE7570006CBF8 /* Cleaner8-Xu2Tests.xctest */ = {isa = PBXFileReference; explicitFileType = wrapper.cfbundle; includeInIndex = 0; path = "Cleaner8-Xu2Tests.xctest"; sourceTree = BUILT_PRODUCTS_DIR; };
		6162DB642EEFE7570006CBF8 /* Cleaner8-Xu2UITests.xctest */ = {isa = PBXFileReference; explicitFileType = wrapper.cfbundle; includeInIndex = 0; path = "Cleaner8-Xu2UITests.xctest"; sourceTree = BUILT_PRODUCTS_DIR; };
/* End PBXFileReference section */

/* Begin PBXFileSystemSynchronizedBuildFileExceptionSet section */
		6162DB6C2EEFE7570006CBF8 /* Exceptions for "Cleaner8-Xu2" folder in "Cleaner8-Xu2" target */ = {
			isa = PBXFileSystemSynchronizedBuildFileExceptionSet;
			membershipExceptions = (
				Info.plist,
			);
			target = 6162DB3E2EEFE7550006CBF8 /* Cleaner8-Xu2 */;
		};
/* End PBXFileSystemSynchronizedBuildFileExceptionSet section */

/* Begin PBXFileSystemSynchronizedRootGroup section */
		6162DB412EEFE7550006CBF8 /* Cleaner8-Xu2 */ = {
			isa = PBXFileSystemSynchronizedRootGroup;
			exceptions = (
				6162DB6C2EEFE7570006CBF8 /* Exceptions for "Cleaner8-Xu2" folder in "Cleaner8-Xu2" target */,
			);
			path = "Cleaner8-Xu2";
			sourceTree = "<group>";
		};
		6162DB5D2EEFE7570006CBF8 /* Cleaner8-Xu2Tests */ = {
			isa = PBXFileSystemSynchronizedRootGroup;
			path = "Cleaner8-Xu2Tests";
			sourceTree = "<group>";
		};
		6162DB672EEFE7570006CBF8 /* Cleaner8-Xu2UITests */ = {
			isa = PBXFileSystemSynchronizedRootGroup;
			path = "Cleaner8-Xu2UITests";
			sourceTree = "<group>";
		};
/* End PBXFileSystemSynchronizedRootGroup section */

/* Begin PBXFrameworksBuildPhase section */
		6162DB3C2EEFE7550006CBF8 /* Frameworks */ = {
			isa = PBXFrameworksBuildPhase;
			buildActionMask = 2147483647;
			files = (
			);
			runOnlyForDeploymentPostprocessing = 0;
		};
		6162DB572EEFE7570006CBF8 /* Frameworks */ = {
			isa = PBXFrameworksBuildPhase;
			buildActionMask = 2147483647;
			files = (
			);
			runOnlyForDeploymentPostprocessing = 0;
		};
		6162DB612EEFE7570006CBF8 /* Frameworks */ = {
			isa = PBXFrameworksBuildPhase;
			buildActionMask = 2147483647;
			files = (
			);
			runOnlyForDeploymentPostprocessing = 0;
		};
/* End PBXFrameworksBuildPhase section */

/* Begin PBXGroup section */
		614C3FDA2EFB9616001CF346 /* Frameworks */ = {
			isa = PBXGroup;
			children = (
				614C3FE02EFB98A8001CF346 /* Accessibility.framework */,
				614C3FDB2EFB9617001CF346 /* Accelerate.framework */,
			);
			name = Frameworks;
			sourceTree = "<group>";
		};
		6162DB362EEFE7550006CBF8 = {
			isa = PBXGroup;
			children = (
				6162DB412EEFE7550006CBF8 /* Cleaner8-Xu2 */,
				6162DB5D2EEFE7570006CBF8 /* Cleaner8-Xu2Tests */,
				6162DB672EEFE7570006CBF8 /* Cleaner8-Xu2UITests */,
				614C3FDA2EFB9616001CF346 /* Frameworks */,
				6162DB402EEFE7550006CBF8 /* Products */,
			);
			sourceTree = "<group>";
		};
		6162DB402EEFE7550006CBF8 /* Products */ = {
			isa = PBXGroup;
			children = (
				6162DB3F2EEFE7550006CBF8 /* Cleaner8-Xu2.app */,
				6162DB5A2EEFE7570006CBF8 /* Cleaner8-Xu2Tests.xctest */,
				6162DB642EEFE7570006CBF8 /* Cleaner8-Xu2UITests.xctest */,
			);
			name = Products;
			sourceTree = "<group>";
		};
/* End PBXGroup section */

/* Begin PBXNativeTarget section */
		6162DB3E2EEFE7550006CBF8 /* Cleaner8-Xu2 */ = {
			isa = PBXNativeTarget;
			buildConfigurationList = 6162DB6D2EEFE7570006CBF8 /* Build configuration list for PBXNativeTarget "Cleaner8-Xu2" */;
			buildPhases = (
				6162DB3B2EEFE7550006CBF8 /* Sources */,
				6162DB3C2EEFE7550006CBF8 /* Frameworks */,
				6162DB3D2EEFE7550006CBF8 /* Resources */,
			);
			buildRules = (
			);
			dependencies = (
			);
			fileSystemSynchronizedGroups = (
				6162DB412EEFE7550006CBF8 /* Cleaner8-Xu2 */,
			);
			name = "Cleaner8-Xu2";
			packageProductDependencies = (
			);
			productName = "Cleaner8-Xu2";
			productReference = 6162DB3F2EEFE7550006CBF8 /* Cleaner8-Xu2.app */;
			productType = "com.apple.product-type.application";
		};
		6162DB592EEFE7570006CBF8 /* Cleaner8-Xu2Tests */ = {
			isa = PBXNativeTarget;
			buildConfigurationList = 6162DB722EEFE7570006CBF8 /* Build configuration list for PBXNativeTarget "Cleaner8-Xu2Tests" */;
			buildPhases = (
				6162DB562EEFE7570006CBF8 /* Sources */,
				6162DB572EEFE7570006CBF8 /* Frameworks */,
				6162DB582EEFE7570006CBF8 /* Resources */,
			);
			buildRules = (
			);
			dependencies = (
				6162DB5C2EEFE7570006CBF8 /* PBXTargetDependency */,
			);
			fileSystemSynchronizedGroups = (
				6162DB5D2EEFE7570006CBF8 /* Cleaner8-Xu2Tests */,
			);
			name = "Cleaner8-Xu2Tests";
			packageProductDependencies = (
			);
			productName = "Cleaner8-Xu2Tests";
			productReference = 6162DB5A2EEFE7570006CBF8 /* Cleaner8-Xu2Tests.xctest */;
			productType = "com.apple.product-type.bundle.unit-test";
		};
		6162DB632EEFE7570006CBF8 /* Cleaner8-Xu2UITests */ = {
			isa = PBXNativeTarget;
			buildConfigurationList = 6162DB752EEFE7570006CBF8 /* Build configuration list for PBXNativeTarget "Cleaner8-Xu2UITests" */;
			buildPhases = (
				6162DB602EEFE7570006CBF8 /* Sources */,
				6162DB612EEFE7570006CBF8 /* Frameworks */,
				6162DB622EEFE7570006CBF8 /* Resources */,
			);
			buildRules = (
			);
			dependencies = (
				6162DB662EEFE7570006CBF8 /* PBXTargetDependency */,
			);
			fileSystemSynchronizedGroups = (
				6162DB672EEFE7570006CBF8 /* Cleaner8-Xu2UITests */,
			);
			name = "Cleaner8-Xu2UITests";
			packageProductDependencies = (
			);
			productName = "Cleaner8-Xu2UITests";
			productReference = 6162DB642EEFE7570006CBF8 /* Cleaner8-Xu2UITests.xctest */;
			productType = "com.apple.product-type.bundle.ui-testing";
		};
/* End PBXNativeTarget section */

/* Begin PBXProject section */
		6162DB372EEFE7550006CBF8 /* Project object */ = {
			isa = PBXProject;
			attributes = {
				BuildIndependentTargetsInParallel = 1;
				LastUpgradeCheck = 1630;
				TargetAttributes = {
					6162DB3E2EEFE7550006CBF8 = {
						CreatedOnToolsVersion = 16.3;
						LastSwiftMigration = 1630;
					};
					6162DB592EEFE7570006CBF8 = {
						CreatedOnToolsVersion = 16.3;
						TestTargetID = 6162DB3E2EEFE7550006CBF8;
					};
					6162DB632EEFE7570006CBF8 = {
						CreatedOnToolsVersion = 16.3;
						TestTargetID = 6162DB3E2EEFE7550006CBF8;
					};
				};
			};
			buildConfigurationList = 6162DB3A2EEFE7550006CBF8 /* Build configuration list for PBXProject "Cleaner8-Xu2" */;
			developmentRegion = en;
			hasScannedForEncodings = 0;
			knownRegions = (
				en,
				Base,
				"zh-Hans",
				fr,
				da,
			);
			mainGroup = 6162DB362EEFE7550006CBF8;
			minimizedProjectReferenceProxies = 1;
			preferredProjectObjectVersion = 77;
			productRefGroup = 6162DB402EEFE7550006CBF8 /* Products */;
			projectDirPath = "";
			projectRoot = "";
			targets = (
				6162DB3E2EEFE7550006CBF8 /* Cleaner8-Xu2 */,
				6162DB592EEFE7570006CBF8 /* Cleaner8-Xu2Tests */,
				6162DB632EEFE7570006CBF8 /* Cleaner8-Xu2UITests */,
			);
		};
/* End PBXProject section */

/* Begin PBXResourcesBuildPhase section */
		6162DB3D2EEFE7550006CBF8 /* Resources */ = {
			isa = PBXResourcesBuildPhase;
			buildActionMask = 2147483647;
			files = (
			);
			runOnlyForDeploymentPostprocessing = 0;
		};
		6162DB582EEFE7570006CBF8 /* Resources */ = {
			isa = PBXResourcesBuildPhase;
			buildActionMask = 2147483647;
			files = (
			);
			runOnlyForDeploymentPostprocessing = 0;
		};
		6162DB622EEFE7570006CBF8 /* Resources */ = {
			isa = PBXResourcesBuildPhase;
			buildActionMask = 2147483647;
			files = (
			);
			runOnlyForDeploymentPostprocessing = 0;
		};
/* End PBXResourcesBuildPhase section */

/* Begin PBXSourcesBuildPhase section */
		6162DB3B2EEFE7550006CBF8 /* Sources */ = {
			isa = PBXSourcesBuildPhase;
			buildActionMask = 2147483647;
			files = (
			);
			runOnlyForDeploymentPostprocessing = 0;
		};
		6162DB562EEFE7570006CBF8 /* Sources */ = {
			isa = PBXSourcesBuildPhase;
			buildActionMask = 2147483647;
			files = (
			);
			runOnlyForDeploymentPostprocessing = 0;
		};
		6162DB602EEFE7570006CBF8 /* Sources */ = {
			isa = PBXSourcesBuildPhase;
			buildActionMask = 2147483647;
			files = (
			);
			runOnlyForDeploymentPostprocessing = 0;
		};
/* End PBXSourcesBuildPhase section */

/* Begin PBXTargetDependency section */
		6162DB5C2EEFE7570006CBF8 /* PBXTargetDependency */ = {
			isa = PBXTargetDependency;
			target = 6162DB3E2EEFE7550006CBF8 /* Cleaner8-Xu2 */;
			targetProxy = 6162DB5B2EEFE7570006CBF8 /* PBXContainerItemProxy */;
		};
		6162DB662EEFE7570006CBF8 /* PBXTargetDependency */ = {
			isa = PBXTargetDependency;
			target = 6162DB3E2EEFE7550006CBF8 /* Cleaner8-Xu2 */;
			targetProxy = 6162DB652EEFE7570006CBF8 /* PBXContainerItemProxy */;
		};
/* End PBXTargetDependency section */

/* Begin XCBuildConfiguration section */
		6162DB6E2EEFE7570006CBF8 /* Debug */ = {
			isa = XCBuildConfiguration;
			buildSettings = {
				ASSETCATALOG_COMPILER_APPICON_NAME = AppIcon;
				ASSETCATALOG_COMPILER_GLOBAL_ACCENT_COLOR_NAME = AccentColor;
				CLANG_ENABLE_MODULES = YES;
				CODE_SIGN_STYLE = Automatic;
				CURRENT_PROJECT_VERSION = 2;
				DEVELOPMENT_TEAM = 357A26CRTD;
				GENERATE_INFOPLIST_FILE = YES;
				INFOPLIST_FILE = "Cleaner8-Xu2/Info.plist";
				INFOPLIST_KEY_CFBundleDisplayName = Compressly;
				"INFOPLIST_KEY_CFBundleDisplayName[sdk=iphoneos*]" = Compressly;
				INFOPLIST_KEY_NSContactsUsageDescription = "We are requesting access to our contacts only to identify and organize them.";
				INFOPLIST_KEY_NSPhotoLibraryAddUsageDescription = "Access to your photo library is required to read photos/videos, and to perform image processing and compression. All processing is done on the device itself.";
				INFOPLIST_KEY_NSPhotoLibraryUsageDescription = "Access to your photo library is required to read photos/videos, and to perform image processing and compression. All processing is done on the device itself.";
				INFOPLIST_KEY_NSUserTrackingUsageDescription = "Tracking enables personalized features in the app. Your data will be kept strictly confidential and will never be shared with third parties. Allow tracking to experience all features?";
				INFOPLIST_KEY_UIApplicationSupportsIndirectInputEvents = YES;
				INFOPLIST_KEY_UILaunchStoryboardName = LaunchScreen;
				INFOPLIST_KEY_UISupportedInterfaceOrientations = UIInterfaceOrientationPortrait;
				IPHONEOS_DEPLOYMENT_TARGET = 15.6;
				LD_RUNPATH_SEARCH_PATHS = (
					"$(inherited)",
					"@executable_path/Frameworks",
				);
				MARKETING_VERSION = 1.0.1;
				PRODUCT_BUNDLE_IDENTIFIER = "com.tools.Cleaner8-Xu2.Cleaner8-Xu2";
				PRODUCT_NAME = "$(TARGET_NAME)";
				SUPPORTED_PLATFORMS = "iphoneos iphonesimulator";
				SUPPORTS_MACCATALYST = NO;
				SUPPORTS_MAC_DESIGNED_FOR_IPHONE_IPAD = NO;
				SUPPORTS_XR_DESIGNED_FOR_IPHONE_IPAD = NO;
				SWIFT_EMIT_LOC_STRINGS = YES;
				SWIFT_OPTIMIZATION_LEVEL = "-Onone";
				SWIFT_VERSION = 6.0;
				TARGETED_DEVICE_FAMILY = 1;
			};
			name = Debug;
		};
		6162DB6F2EEFE7570006CBF8 /* Release */ = {
			isa = XCBuildConfiguration;
			buildSettings = {
				ASSETCATALOG_COMPILER_APPICON_NAME = AppIcon;
				ASSETCATALOG_COMPILER_GLOBAL_ACCENT_COLOR_NAME = AccentColor;
				CLANG_ENABLE_MODULES = YES;
				CODE_SIGN_STYLE = Automatic;
				CURRENT_PROJECT_VERSION = 2;
				DEVELOPMENT_TEAM = 357A26CRTD;
				GENERATE_INFOPLIST_FILE = YES;
				INFOPLIST_FILE = "Cleaner8-Xu2/Info.plist";
				INFOPLIST_KEY_CFBundleDisplayName = Compressly;
				"INFOPLIST_KEY_CFBundleDisplayName[sdk=iphoneos*]" = Compressly;
				INFOPLIST_KEY_NSContactsUsageDescription = "We are requesting access to our contacts only to identify and organize them.";
				INFOPLIST_KEY_NSPhotoLibraryAddUsageDescription = "Access to your photo library is required to read photos/videos, and to perform image processing and compression. All processing is done on the device itself.";
				INFOPLIST_KEY_NSPhotoLibraryUsageDescription = "Access to your photo library is required to read photos/videos, and to perform image processing and compression. All processing is done on the device itself.";
				INFOPLIST_KEY_NSUserTrackingUsageDescription = "Tracking enables personalized features in the app. Your data will be kept strictly confidential and will never be shared with third parties. Allow tracking to experience all features?";
				INFOPLIST_KEY_UIApplicationSupportsIndirectInputEvents = YES;
				INFOPLIST_KEY_UILaunchStoryboardName = LaunchScreen;
				INFOPLIST_KEY_UISupportedInterfaceOrientations = UIInterfaceOrientationPortrait;
				IPHONEOS_DEPLOYMENT_TARGET = 15.6;
				LD_RUNPATH_SEARCH_PATHS = (
					"$(inherited)",
					"@executable_path/Frameworks",
				);
				MARKETING_VERSION = 1.0.1;
				PRODUCT_BUNDLE_IDENTIFIER = "com.tools.Cleaner8-Xu2.Cleaner8-Xu2";
				PRODUCT_NAME = "$(TARGET_NAME)";
				SUPPORTED_PLATFORMS = "iphoneos iphonesimulator";
				SUPPORTS_MACCATALYST = NO;
				SUPPORTS_MAC_DESIGNED_FOR_IPHONE_IPAD = NO;
				SUPPORTS_XR_DESIGNED_FOR_IPHONE_IPAD = NO;
				SWIFT_EMIT_LOC_STRINGS = YES;
				SWIFT_VERSION = 6.0;
				TARGETED_DEVICE_FAMILY = 1;
			};
			name = Release;
		};
		6162DB702EEFE7570006CBF8 /* Debug */ = {
			isa = XCBuildConfiguration;
			buildSettings = {
				ALWAYS_SEARCH_USER_PATHS = NO;
				ASSETCATALOG_COMPILER_GENERATE_SWIFT_ASSET_SYMBOL_EXTENSIONS = YES;
				CLANG_ANALYZER_LOCALIZABILITY_NONLOCALIZED = YES;
				CLANG_ANALYZER_NONNULL = YES;
				CLANG_ANALYZER_NUMBER_OBJECT_CONVERSION = YES_AGGRESSIVE;
				CLANG_CXX_LANGUAGE_STANDARD = "gnu++20";
				CLANG_ENABLE_MODULES = YES;
				CLANG_ENABLE_OBJC_ARC = YES;
				CLANG_ENABLE_OBJC_WEAK = YES;
				CLANG_WARN_BLOCK_CAPTURE_AUTORELEASING = YES;
				CLANG_WARN_BOOL_CONVERSION = YES;
				CLANG_WARN_COMMA = YES;
				CLANG_WARN_CONSTANT_CONVERSION = YES;
				CLANG_WARN_DEPRECATED_OBJC_IMPLEMENTATIONS = YES;
				CLANG_WARN_DIRECT_OBJC_ISA_USAGE = YES_ERROR;
				CLANG_WARN_DOCUMENTATION_COMMENTS = YES;
				CLANG_WARN_EMPTY_BODY = YES;
				CLANG_WARN_ENUM_CONVERSION = YES;
				CLANG_WARN_INFINITE_RECURSION = YES;
				CLANG_WARN_INT_CONVERSION = YES;
				CLANG_WARN_NON_LITERAL_NULL_CONVERSION = YES;
				CLANG_WARN_OBJC_IMPLICIT_RETAIN_SELF = YES;
				CLANG_WARN_OBJC_LITERAL_CONVERSION = YES;
				CLANG_WARN_OBJC_ROOT_CLASS = YES_ERROR;
				CLANG_WARN_QUOTED_INCLUDE_IN_FRAMEWORK_HEADER = YES;
				CLANG_WARN_RANGE_LOOP_ANALYSIS = YES;
				CLANG_WARN_STRICT_PROTOTYPES = YES;
				CLANG_WARN_SUSPICIOUS_MOVE = YES;
				CLANG_WARN_UNGUARDED_AVAILABILITY = YES_AGGRESSIVE;
				CLANG_WARN_UNREACHABLE_CODE = YES;
				CLANG_WARN__DUPLICATE_METHOD_MATCH = YES;
				COPY_PHASE_STRIP = NO;
				DEBUG_INFORMATION_FORMAT = dwarf;
				DEVELOPMENT_TEAM = 357A26CRTD;
				ENABLE_STRICT_OBJC_MSGSEND = YES;
				ENABLE_TESTABILITY = YES;
				ENABLE_USER_SCRIPT_SANDBOXING = YES;
				GCC_C_LANGUAGE_STANDARD = gnu17;
				GCC_DYNAMIC_NO_PIC = NO;
				GCC_NO_COMMON_BLOCKS = YES;
				GCC_OPTIMIZATION_LEVEL = 0;
				GCC_PREPROCESSOR_DEFINITIONS = (
					"DEBUG=1",
					"$(inherited)",
				);
				GCC_WARN_64_TO_32_BIT_CONVERSION = YES;
				GCC_WARN_ABOUT_RETURN_TYPE = YES_ERROR;
				GCC_WARN_UNDECLARED_SELECTOR = YES;
				GCC_WARN_UNINITIALIZED_AUTOS = YES_AGGRESSIVE;
				GCC_WARN_UNUSED_FUNCTION = YES;
				GCC_WARN_UNUSED_VARIABLE = YES;
				IPHONEOS_DEPLOYMENT_TARGET = 18.4;
				LOCALIZATION_PREFERS_STRING_CATALOGS = YES;
				MTL_ENABLE_DEBUG_INFO = INCLUDE_SOURCE;
				MTL_FAST_MATH = YES;
				ONLY_ACTIVE_ARCH = YES;
				SDKROOT = iphoneos;
				SWIFT_EMIT_LOC_STRINGS = YES;
			};
			name = Debug;
		};
		6162DB712EEFE7570006CBF8 /* Release */ = {
			isa = XCBuildConfiguration;
			buildSettings = {
				ALWAYS_SEARCH_USER_PATHS = NO;
				ASSETCATALOG_COMPILER_GENERATE_SWIFT_ASSET_SYMBOL_EXTENSIONS = YES;
				CLANG_ANALYZER_LOCALIZABILITY_NONLOCALIZED = YES;
				CLANG_ANALYZER_NONNULL = YES;
				CLANG_ANALYZER_NUMBER_OBJECT_CONVERSION = YES_AGGRESSIVE;
				CLANG_CXX_LANGUAGE_STANDARD = "gnu++20";
				CLANG_ENABLE_MODULES = YES;
				CLANG_ENABLE_OBJC_ARC = YES;
				CLANG_ENABLE_OBJC_WEAK = YES;
				CLANG_WARN_BLOCK_CAPTURE_AUTORELEASING = YES;
				CLANG_WARN_BOOL_CONVERSION = YES;
				CLANG_WARN_COMMA = YES;
				CLANG_WARN_CONSTANT_CONVERSION = YES;
				CLANG_WARN_DEPRECATED_OBJC_IMPLEMENTATIONS = YES;
				CLANG_WARN_DIRECT_OBJC_ISA_USAGE = YES_ERROR;
				CLANG_WARN_DOCUMENTATION_COMMENTS = YES;
				CLANG_WARN_EMPTY_BODY = YES;
				CLANG_WARN_ENUM_CONVERSION = YES;
				CLANG_WARN_INFINITE_RECURSION = YES;
				CLANG_WARN_INT_CONVERSION = YES;
				CLANG_WARN_NON_LITERAL_NULL_CONVERSION = YES;
				CLANG_WARN_OBJC_IMPLICIT_RETAIN_SELF = YES;
				CLANG_WARN_OBJC_LITERAL_CONVERSION = YES;
				CLANG_WARN_OBJC_ROOT_CLASS = YES_ERROR;
				CLANG_WARN_QUOTED_INCLUDE_IN_FRAMEWORK_HEADER = YES;
				CLANG_WARN_RANGE_LOOP_ANALYSIS = YES;
				CLANG_WARN_STRICT_PROTOTYPES = YES;
				CLANG_WARN_SUSPICIOUS_MOVE = YES;
				CLANG_WARN_UNGUARDED_AVAILABILITY = YES_AGGRESSIVE;
				CLANG_WARN_UNREACHABLE_CODE = YES;
				CLANG_WARN__DUPLICATE_METHOD_MATCH = YES;
				COPY_PHASE_STRIP = NO;
				DEBUG_INFORMATION_FORMAT = "dwarf-with-dsym";
				DEVELOPMENT_TEAM = 357A26CRTD;
				ENABLE_NS_ASSERTIONS = NO;
				ENABLE_STRICT_OBJC_MSGSEND = YES;
				ENABLE_USER_SCRIPT_SANDBOXING = YES;
				GCC_C_LANGUAGE_STANDARD = gnu17;
				GCC_NO_COMMON_BLOCKS = YES;
				GCC_WARN_64_TO_32_BIT_CONVERSION = YES;
				GCC_WARN_ABOUT_RETURN_TYPE = YES_ERROR;
				GCC_WARN_UNDECLARED_SELECTOR = YES;
				GCC_WARN_UNINITIALIZED_AUTOS = YES_AGGRESSIVE;
				GCC_WARN_UNUSED_FUNCTION = YES;
				GCC_WARN_UNUSED_VARIABLE = YES;
				IPHONEOS_DEPLOYMENT_TARGET = 18.4;
				LOCALIZATION_PREFERS_STRING_CATALOGS = YES;
				MTL_ENABLE_DEBUG_INFO = NO;
				MTL_FAST_MATH = YES;
				SDKROOT = iphoneos;
				SWIFT_EMIT_LOC_STRINGS = YES;
				VALIDATE_PRODUCT = YES;
			};
			name = Release;
		};
		6162DB732EEFE7570006CBF8 /* Debug */ = {
			isa = XCBuildConfiguration;
			buildSettings = {
				BUNDLE_LOADER = "$(TEST_HOST)";
				CODE_SIGN_STYLE = Automatic;
				CURRENT_PROJECT_VERSION = 1;
				DEVELOPMENT_TEAM = 357A26CRTD;
				GENERATE_INFOPLIST_FILE = YES;
				IPHONEOS_DEPLOYMENT_TARGET = 18.4;
				MARKETING_VERSION = 1.0;
				PRODUCT_BUNDLE_IDENTIFIER = "com.tools.Cleaner8-Xu2.Cleaner8-Xu2Tests";
				PRODUCT_NAME = "$(TARGET_NAME)";
				SWIFT_EMIT_LOC_STRINGS = NO;
				TARGETED_DEVICE_FAMILY = "1,2";
				TEST_HOST = "$(BUILT_PRODUCTS_DIR)/Cleaner8-Xu2.app/$(BUNDLE_EXECUTABLE_FOLDER_PATH)/Cleaner8-Xu2";
			};
			name = Debug;
		};
		6162DB742EEFE7570006CBF8 /* Release */ = {
			isa = XCBuildConfiguration;
			buildSettings = {
				BUNDLE_LOADER = "$(TEST_HOST)";
				CODE_SIGN_STYLE = Automatic;
				CURRENT_PROJECT_VERSION = 1;
				DEVELOPMENT_TEAM = 357A26CRTD;
				GENERATE_INFOPLIST_FILE = YES;
				IPHONEOS_DEPLOYMENT_TARGET = 18.4;
				MARKETING_VERSION = 1.0;
				PRODUCT_BUNDLE_IDENTIFIER = "com.tools.Cleaner8-Xu2.Cleaner8-Xu2Tests";
				PRODUCT_NAME = "$(TARGET_NAME)";
				SWIFT_EMIT_LOC_STRINGS = NO;
				TARGETED_DEVICE_FAMILY = "1,2";
				TEST_HOST = "$(BUILT_PRODUCTS_DIR)/Cleaner8-Xu2.app/$(BUNDLE_EXECUTABLE_FOLDER_PATH)/Cleaner8-Xu2";
			};
			name = Release;
		};
		6162DB762EEFE7570006CBF8 /* Debug */ = {
			isa = XCBuildConfiguration;
			buildSettings = {
				CODE_SIGN_STYLE = Automatic;
				CURRENT_PROJECT_VERSION = 1;
				DEVELOPMENT_TEAM = 357A26CRTD;
				GENERATE_INFOPLIST_FILE = YES;
				MARKETING_VERSION = 1.0;
				PRODUCT_BUNDLE_IDENTIFIER = "com.tools.Cleaner8-Xu2.Cleaner8-Xu2UITests";
				PRODUCT_NAME = "$(TARGET_NAME)";
				SWIFT_EMIT_LOC_STRINGS = NO;
				TARGETED_DEVICE_FAMILY = "1,2";
				TEST_TARGET_NAME = "Cleaner8-Xu2";
			};
			name = Debug;
		};
		6162DB772EEFE7570006CBF8 /* Release */ = {
			isa = XCBuildConfiguration;
			buildSettings = {
				CODE_SIGN_STYLE = Automatic;
				CURRENT_PROJECT_VERSION = 1;
				DEVELOPMENT_TEAM = 357A26CRTD;
				GENERATE_INFOPLIST_FILE = YES;
				MARKETING_VERSION = 1.0;
				PRODUCT_BUNDLE_IDENTIFIER = "com.tools.Cleaner8-Xu2.Cleaner8-Xu2UITests";
				PRODUCT_NAME = "$(TARGET_NAME)";
				SWIFT_EMIT_LOC_STRINGS = NO;
				TARGETED_DEVICE_FAMILY = "1,2";
				TEST_TARGET_NAME = "Cleaner8-Xu2";
			};
			name = Release;
		};
/* End XCBuildConfiguration section */

/* Begin XCConfigurationList section */
		6162DB3A2EEFE7550006CBF8 /* Build configuration list for PBXProject "Cleaner8-Xu2" */ = {
			isa = XCConfigurationList;
			buildConfigurations = (
				6162DB702EEFE7570006CBF8 /* Debug */,
				6162DB712EEFE7570006CBF8 /* Release */,
			);
			defaultConfigurationIsVisible = 0;
			defaultConfigurationName = Release;
		};
		6162DB6D2EEFE7570006CBF8 /* Build configuration list for PBXNativeTarget "Cleaner8-Xu2" */ = {
			isa = XCConfigurationList;
			buildConfigurations = (
				6162DB6E2EEFE7570006CBF8 /* Debug */,
				6162DB6F2EEFE7570006CBF8 /* Release */,
			);
			defaultConfigurationIsVisible = 0;
			defaultConfigurationName = Release;
		};
		6162DB722EEFE7570006CBF8 /* Build configuration list for PBXNativeTarget "Cleaner8-Xu2Tests" */ = {
			isa = XCConfigurationList;
			buildConfigurations = (
				6162DB732EEFE7570006CBF8 /* Debug */,
				6162DB742EEFE7570006CBF8 /* Release */,
			);
			defaultConfigurationIsVisible = 0;
			defaultConfigurationName = Release;
		};
		6162DB752EEFE7570006CBF8 /* Build configuration list for PBXNativeTarget "Cleaner8-Xu2UITests" */ = {
			isa = XCConfigurationList;
			buildConfigurations = (
				6162DB762EEFE7570006CBF8 /* Debug */,
				6162DB772EEFE7570006CBF8 /* Release */,
			);
			defaultConfigurationIsVisible = 0;
			defaultConfigurationName = Release;
		};
/* End XCConfigurationList section */
	};
	rootObject = 6162DB372EEFE7550006CBF8 /* Project object */;
}
